
Microsoft Visual Studio Solution File, Format Version 12.00
# Visual Studio Version 17
VisualStudioVersion = 17.2.32630.192
MinimumVisualStudioVersion = 10.0.40219.1
Project("{8BC9CEB8-8B4A-11D0-8D11-00A0C91BC942}") = "ConsoleApplication1", "ConsoleApplication1.vcxproj", "{81BBCF4C-9EAD-4B6B-8A18-C81BA8307B18}"
EndProject
Project("{8BC9CEB8-8B4A-11D0-8D11-00A0C91BC942}") = "Chapter2", "Chapter2\Chapter2.vcxproj", "{821C75D7-D1C8-415E-8BA6-F9F3B520B8B6}"
EndProject
Project("{9A19103F-16F7-4668-BE54-9A1E7A4F7556}") = "C_Sharp_Variable", "C_Sharp_Variable\C_Sharp_Variable.csproj", "{38CA82DB-26CA-44B0-B16E-2ECE581F1B6F}"
EndProject
Project("{8BC9CEB8-8B4A-11D0-8D11-00A0C91BC942}") = "Chapter3", "Chapter3\Chapter3.vcxproj", "{D83E9038-9CE5-48E2-B6BB-9E96F82CE9EC}"
EndProject
Project("{8BC9CEB8-8B4A-11D0-8D11-00A0C91BC942}") = "cpp_ex01", "cpp_ex01\cpp_ex01.vcxproj", "{C0608641-C1D8-4FE0-B94B-5287A1B9677C}"
EndProject
Project("{8BC9CEB8-8B4A-11D0-8D11-00A0C91BC942}") = "Chapter3_switchCase", "Chapter3_switchCase\Chapter3_switchCase.vcxproj", "{D002B6DD-BA5B-4F5F-AE43-B226EBC28CF7}"
EndProject
Project("{8BC9CEB8-8B4A-11D0-8D11-00A0C91BC942}") = "Chapter3_list3_10", "Chapter3_list3_10\Chapter3_list3_10.vcxproj", "{6115EFD3-6559-4213-89EB-A18743AAA133}"
EndProject
Project("{8BC9CEB8-8B4A-11D0-8D11-00A0C91BC942}") = "Chapter3_list3_3_edit", "Chapter3_list3_3_edit\Chapter3_list3_3_edit.vcxproj", "{679161F9-BCDF-42D4-89F7-534C96AC4BCC}"
EndProject
Project("{8BC9CEB8-8B4A-11D0-8D11-00A0C91BC942}") = "CPP_Ex02", "CPP_Ex02\CPP_Ex02.vcxproj", "{FD58CFD0-398A-42D9-A1DF-351EA072A550}"
EndProject
Project("{8BC9CEB8-8B4A-11D0-8D11-00A0C91BC942}") = "Chapter4_oneSource", "Chapter4_oneSource\Chapter4_oneSource.vcxproj", "{EEE225E9-C134-4937-B0F7-4E4D6FC660A9}"
EndProject
Project("{8BC9CEB8-8B4A-11D0-8D11-00A0C91BC942}") = "Chapter4_oneSource2", "Chapter4_oneSource2\Chapter4_oneSource2.vcxproj", "{4FE38D2B-283B-4627-9704-9132C7A6F898}"
EndProject
Project("{8BC9CEB8-8B4A-11D0-8D11-00A0C91BC942}") = "Chapter4_dividedSource", "Chapter4_dividedSource\Chapter4_dividedSource.vcxproj", "{09BC961B-CC79-4320-9ED3-A698811D45A6}"
EndProject
Project("{8BC9CEB8-8B4A-11D0-8D11-00A0C91BC942}") = "Chapter4_HeaderFileAdd", "Chapter4_HeaderFileAdd\Chapter4_HeaderFileAdd.vcxproj", "{020BA6B8-BB7F-4656-A9CA-97A3B631DF03}"
EndProject
Project("{8BC9CEB8-8B4A-11D0-8D11-00A0C91BC942}") = "CPP_Ex03", "CPP_Ex03\CPP_Ex03.vcxproj", "{F8A9BEEF-8588-4E25-A0AD-9E0E8CA3EC0F}"
EndProject
Project("{8BC9CEB8-8B4A-11D0-8D11-00A0C91BC942}") = "Chapter4_TextSample", "chapter04_TextSample\Chapter4_TextSample\Chapter4_TextSample.vcxproj", "{A21E61FE-5C5C-4E65-88FC-B7F8F9225AA4}"
EndProject
Project("{8BC9CEB8-8B4A-11D0-8D11-00A0C91BC942}") = "PointerSample", "PointerSample\PointerSample.vcxproj", "{C53138E3-9C5F-473E-8914-3952D0C9BFB1}"
EndProject
Project("{8BC9CEB8-8B4A-11D0-8D11-00A0C91BC942}") = "Struct", "ConsoleApplication1\Struct\Struct.vcxproj", "{11058BDB-A7A3-4511-9791-13FA233413FD}"
EndProject
Project("{8BC9CEB8-8B4A-11D0-8D11-00A0C91BC942}") = "PointerInc", "PointerInc\PointerInc.vcxproj", "{6DB3E529-7F2C-4915-B12A-B182F07E17D4}"
EndProject
Project("{8BC9CEB8-8B4A-11D0-8D11-00A0C91BC942}") = "Chapter4_3", "Chapter4_3\Chapter4_3.vcxproj", "{90458D4D-857F-4AA9-AA8C-087BA7223E0F}"
EndProject
Project("{8BC9CEB8-8B4A-11D0-8D11-00A0C91BC942}") = "CPP_ex04", "ex4\ex04.vcxproj", "{76839042-484C-49F1-AC5F-EB0FF637570B}"
EndProject
Project("{8BC9CEB8-8B4A-11D0-8D11-00A0C91BC942}") = "CPP_ex05", "ex5\ex05.vcxproj", "{FB0C946A-F5CE-4ED8-A135-57CA0BCEA952}"
EndProject
Project("{8BC9CEB8-8B4A-11D0-8D11-00A0C91BC942}") = "Chapter5", "Chapter5\Chapter5.vcxproj", "{FCA31117-83FB-4172-A7B4-264574EE76EF}"
EndProject
Project("{8BC9CEB8-8B4A-11D0-8D11-00A0C91BC942}") = "CPP_ex6", "CPP_ex6\CPP_ex6.vcxproj", "{2BA00061-A844-4F9A-A083-8E5ECCE01AB4}"
EndProject
Project("{8BC9CEB8-8B4A-11D0-8D11-00A0C91BC942}") = "CPP_Ex07", "CPP_Ex07\CPP_Ex07.vcxproj", "{1769787F-0725-4B81-BDB1-0A5E07446E68}"
EndProject
Project("{8BC9CEB8-8B4A-11D0-8D11-00A0C91BC942}") = "CPP_EX8_hint", "CPP_EX8_hint\CPP_EX8_hint.vcxproj", "{BB0B174C-59A2-4F04-9FF9-3E7FE33D0A95}"
EndProject
Global
	GlobalSection(SolutionConfigurationPlatforms) = preSolution
		Debug|Any CPU = Debug|Any CPU
		Debug|x64 = Debug|x64
		Debug|x86 = Debug|x86
		Release|Any CPU = Release|Any CPU
		Release|x64 = Release|x64
		Release|x86 = Release|x86
	EndGlobalSection
	GlobalSection(ProjectConfigurationPlatforms) = postSolution
		{81BBCF4C-9EAD-4B6B-8A18-C81BA8307B18}.Debug|Any CPU.ActiveCfg = Debug|x64
		{81BBCF4C-9EAD-4B6B-8A18-C81BA8307B18}.Debug|Any CPU.Build.0 = Debug|x64
		{81BBCF4C-9EAD-4B6B-8A18-C81BA8307B18}.Debug|x64.ActiveCfg = Debug|x64
		{81BBCF4C-9EAD-4B6B-8A18-C81BA8307B18}.Debug|x64.Build.0 = Debug|x64
		{81BBCF4C-9EAD-4B6B-8A18-C81BA8307B18}.Debug|x86.ActiveCfg = Debug|Win32
		{81BBCF4C-9EAD-4B6B-8A18-C81BA8307B18}.Debug|x86.Build.0 = Debug|Win32
		{81BBCF4C-9EAD-4B6B-8A18-C81BA8307B18}.Release|Any CPU.ActiveCfg = Release|x64
		{81BBCF4C-9EAD-4B6B-8A18-C81BA8307B18}.Release|Any CPU.Build.0 = Release|x64
		{81BBCF4C-9EAD-4B6B-8A18-C81BA8307B18}.Release|x64.ActiveCfg = Release|x64
		{81BBCF4C-9EAD-4B6B-8A18-C81BA8307B18}.Release|x64.Build.0 = Release|x64
		{81BBCF4C-9EAD-4B6B-8A18-C81BA8307B18}.Release|x86.ActiveCfg = Release|Win32
		{81BBCF4C-9EAD-4B6B-8A18-C81BA8307B18}.Release|x86.Build.0 = Release|Win32
		{821C75D7-D1C8-415E-8BA6-F9F3B520B8B6}.Debug|Any CPU.ActiveCfg = Debug|x64
		{821C75D7-D1C8-415E-8BA6-F9F3B520B8B6}.Debug|Any CPU.Build.0 = Debug|x64
		{821C75D7-D1C8-415E-8BA6-F9F3B520B8B6}.Debug|x64.ActiveCfg = Debug|x64
		{821C75D7-D1C8-415E-8BA6-F9F3B520B8B6}.Debug|x64.Build.0 = Debug|x64
		{821C75D7-D1C8-415E-8BA6-F9F3B520B8B6}.Debug|x86.ActiveCfg = Debug|Win32
		{821C75D7-D1C8-415E-8BA6-F9F3B520B8B6}.Debug|x86.Build.0 = Debug|Win32
		{821C75D7-D1C8-415E-8BA6-F9F3B520B8B6}.Release|Any CPU.ActiveCfg = Release|x64
		{821C75D7-D1C8-415E-8BA6-F9F3B520B8B6}.Release|Any CPU.Build.0 = Release|x64
		{821C75D7-D1C8-415E-8BA6-F9F3B520B8B6}.Release|x64.ActiveCfg = Release|x64
		{821C75D7-D1C8-415E-8BA6-F9F3B520B8B6}.Release|x64.Build.0 = Release|x64
		{821C75D7-D1C8-415E-8BA6-F9F3B520B8B6}.Release|x86.ActiveCfg = Release|Win32
		{821C75D7-D1C8-415E-8BA6-F9F3B520B8B6}.Release|x86.Build.0 = Release|Win32
		{38CA82DB-26CA-44B0-B16E-2ECE581F1B6F}.Debug|Any CPU.ActiveCfg = Debug|Any CPU
		{38CA82DB-26CA-44B0-B16E-2ECE581F1B6F}.Debug|Any CPU.Build.0 = Debug|Any CPU
		{38CA82DB-26CA-44B0-B16E-2ECE581F1B6F}.Debug|x64.ActiveCfg = Debug|Any CPU
		{38CA82DB-26CA-44B0-B16E-2ECE581F1B6F}.Debug|x64.Build.0 = Debug|Any CPU
		{38CA82DB-26CA-44B0-B16E-2ECE581F1B6F}.Debug|x86.ActiveCfg = Debug|Any CPU
		{38CA82DB-26CA-44B0-B16E-2ECE581F1B6F}.Debug|x86.Build.0 = Debug|Any CPU
		{38CA82DB-26CA-44B0-B16E-2ECE581F1B6F}.Release|Any CPU.ActiveCfg = Release|Any CPU
		{38CA82DB-26CA-44B0-B16E-2ECE581F1B6F}.Release|Any CPU.Build.0 = Release|Any CPU
		{38CA82DB-26CA-44B0-B16E-2ECE581F1B6F}.Release|x64.ActiveCfg = Release|Any CPU
		{38CA82DB-26CA-44B0-B16E-2ECE581F1B6F}.Release|x64.Build.0 = Release|Any CPU
		{38CA82DB-26CA-44B0-B16E-2ECE581F1B6F}.Release|x86.ActiveCfg = Release|Any CPU
		{38CA82DB-26CA-44B0-B16E-2ECE581F1B6F}.Release|x86.Build.0 = Release|Any CPU
		{D83E9038-9CE5-48E2-B6BB-9E96F82CE9EC}.Debug|Any CPU.ActiveCfg = Debug|x64
		{D83E9038-9CE5-48E2-B6BB-9E96F82CE9EC}.Debug|Any CPU.Build.0 = Debug|x64
		{D83E9038-9CE5-48E2-B6BB-9E96F82CE9EC}.Debug|x64.ActiveCfg = Debug|x64
		{D83E9038-9CE5-48E2-B6BB-9E96F82CE9EC}.Debug|x64.Build.0 = Debug|x64
		{D83E9038-9CE5-48E2-B6BB-9E96F82CE9EC}.Debug|x86.ActiveCfg = Debug|Win32
		{D83E9038-9CE5-48E2-B6BB-9E96F82CE9EC}.Debug|x86.Build.0 = Debug|Win32
		{D83E9038-9CE5-48E2-B6BB-9E96F82CE9EC}.Release|Any CPU.ActiveCfg = Release|x64
		{D83E9038-9CE5-48E2-B6BB-9E96F82CE9EC}.Release|Any CPU.Build.0 = Release|x64
		{D83E9038-9CE5-48E2-B6BB-9E96F82CE9EC}.Release|x64.ActiveCfg = Release|x64
		{D83E9038-9CE5-48E2-B6BB-9E96F82CE9EC}.Release|x64.Build.0 = Release|x64
		{D83E9038-9CE5-48E2-B6BB-9E96F82CE9EC}.Release|x86.ActiveCfg = Release|Win32
		{D83E9038-9CE5-48E2-B6BB-9E96F82CE9EC}.Release|x86.Build.0 = Release|Win32
		{C0608641-C1D8-4FE0-B94B-5287A1B9677C}.Debug|Any CPU.ActiveCfg = Debug|x64
		{C0608641-C1D8-4FE0-B94B-5287A1B9677C}.Debug|Any CPU.Build.0 = Debug|x64
		{C0608641-C1D8-4FE0-B94B-5287A1B9677C}.Debug|x64.ActiveCfg = Debug|x64
		{C0608641-C1D8-4FE0-B94B-5287A1B9677C}.Debug|x64.Build.0 = Debug|x64
		{C0608641-C1D8-4FE0-B94B-5287A1B9677C}.Debug|x86.ActiveCfg = Debug|Win32
		{C0608641-C1D8-4FE0-B94B-5287A1B9677C}.Debug|x86.Build.0 = Debug|Win32
		{C0608641-C1D8-4FE0-B94B-5287A1B9677C}.Release|Any CPU.ActiveCfg = Release|x64
		{C0608641-C1D8-4FE0-B94B-5287A1B9677C}.Release|Any CPU.Build.0 = Release|x64
		{C0608641-C1D8-4FE0-B94B-5287A1B9677C}.Release|x64.ActiveCfg = Release|x64
		{C0608641-C1D8-4FE0-B94B-5287A1B9677C}.Release|x64.Build.0 = Release|x64
		{C0608641-C1D8-4FE0-B94B-5287A1B9677C}.Release|x86.ActiveCfg = Release|Win32
		{C0608641-C1D8-4FE0-B94B-5287A1B9677C}.Release|x86.Build.0 = Release|Win32
		{D002B6DD-BA5B-4F5F-AE43-B226EBC28CF7}.Debug|Any CPU.ActiveCfg = Debug|x64
		{D002B6DD-BA5B-4F5F-AE43-B226EBC28CF7}.Debug|Any CPU.Build.0 = Debug|x64
		{D002B6DD-BA5B-4F5F-AE43-B226EBC28CF7}.Debug|x64.ActiveCfg = Debug|x64
		{D002B6DD-BA5B-4F5F-AE43-B226EBC28CF7}.Debug|x64.Build.0 = Debug|x64
		{D002B6DD-BA5B-4F5F-AE43-B226EBC28CF7}.Debug|x86.ActiveCfg = Debug|Win32
		{D002B6DD-BA5B-4F5F-AE43-B226EBC28CF7}.Debug|x86.Build.0 = Debug|Win32
		{D002B6DD-BA5B-4F5F-AE43-B226EBC28CF7}.Release|Any CPU.ActiveCfg = Release|x64
		{D002B6DD-BA5B-4F5F-AE43-B226EBC28CF7}.Release|Any CPU.Build.0 = Release|x64
		{D002B6DD-BA5B-4F5F-AE43-B226EBC28CF7}.Release|x64.ActiveCfg = Release|x64
		{D002B6DD-BA5B-4F5F-AE43-B226EBC28CF7}.Release|x64.Build.0 = Release|x64
		{D002B6DD-BA5B-4F5F-AE43-B226EBC28CF7}.Release|x86.ActiveCfg = Release|Win32
		{D002B6DD-BA5B-4F5F-AE43-B226EBC28CF7}.Release|x86.Build.0 = Release|Win32
		{6115EFD3-6559-4213-89EB-A18743AAA133}.Debug|Any CPU.ActiveCfg = Debug|x64
		{6115EFD3-6559-4213-89EB-A18743AAA133}.Debug|Any CPU.Build.0 = Debug|x64
		{6115EFD3-6559-4213-89EB-A18743AAA133}.Debug|x64.ActiveCfg = Debug|x64
		{6115EFD3-6559-4213-89EB-A18743AAA133}.Debug|x64.Build.0 = Debug|x64
		{6115EFD3-6559-4213-89EB-A18743AAA133}.Debug|x86.ActiveCfg = Debug|Win32
		{6115EFD3-6559-4213-89EB-A18743AAA133}.Debug|x86.Build.0 = Debug|Win32
		{6115EFD3-6559-4213-89EB-A18743AAA133}.Release|Any CPU.ActiveCfg = Release|x64
		{6115EFD3-6559-4213-89EB-A18743AAA133}.Release|Any CPU.Build.0 = Release|x64
		{6115EFD3-6559-4213-89EB-A18743AAA133}.Release|x64.ActiveCfg = Release|x64
		{6115EFD3-6559-4213-89EB-A18743AAA133}.Release|x64.Build.0 = Release|x64
		{6115EFD3-6559-4213-89EB-A18743AAA133}.Release|x86.ActiveCfg = Release|Win32
		{6115EFD3-6559-4213-89EB-A18743AAA133}.Release|x86.Build.0 = Release|Win32
		{679161F9-BCDF-42D4-89F7-534C96AC4BCC}.Debug|Any CPU.ActiveCfg = Debug|x64
		{679161F9-BCDF-42D4-89F7-534C96AC4BCC}.Debug|Any CPU.Build.0 = Debug|x64
		{679161F9-BCDF-42D4-89F7-534C96AC4BCC}.Debug|x64.ActiveCfg = Debug|x64
		{679161F9-BCDF-42D4-89F7-534C96AC4BCC}.Debug|x64.Build.0 = Debug|x64
		{679161F9-BCDF-42D4-89F7-534C96AC4BCC}.Debug|x86.ActiveCfg = Debug|Win32
		{679161F9-BCDF-42D4-89F7-534C96AC4BCC}.Debug|x86.Build.0 = Debug|Win32
		{679161F9-BCDF-42D4-89F7-534C96AC4BCC}.Release|Any CPU.ActiveCfg = Release|x64
		{679161F9-BCDF-42D4-89F7-534C96AC4BCC}.Release|Any CPU.Build.0 = Release|x64
		{679161F9-BCDF-42D4-89F7-534C96AC4BCC}.Release|x64.ActiveCfg = Release|x64
		{679161F9-BCDF-42D4-89F7-534C96AC4BCC}.Release|x64.Build.0 = Release|x64
		{679161F9-BCDF-42D4-89F7-534C96AC4BCC}.Release|x86.ActiveCfg = Release|Win32
		{679161F9-BCDF-42D4-89F7-534C96AC4BCC}.Release|x86.Build.0 = Release|Win32
		{FD58CFD0-398A-42D9-A1DF-351EA072A550}.Debug|Any CPU.ActiveCfg = Debug|x64
		{FD58CFD0-398A-42D9-A1DF-351EA072A550}.Debug|Any CPU.Build.0 = Debug|x64
		{FD58CFD0-398A-42D9-A1DF-351EA072A550}.Debug|x64.ActiveCfg = Debug|x64
		{FD58CFD0-398A-42D9-A1DF-351EA072A550}.Debug|x64.Build.0 = Debug|x64
		{FD58CFD0-398A-42D9-A1DF-351EA072A550}.Debug|x86.ActiveCfg = Debug|Win32
		{FD58CFD0-398A-42D9-A1DF-351EA072A550}.Debug|x86.Build.0 = Debug|Win32
		{FD58CFD0-398A-42D9-A1DF-351EA072A550}.Release|Any CPU.ActiveCfg = Release|x64
		{FD58CFD0-398A-42D9-A1DF-351EA072A550}.Release|Any CPU.Build.0 = Release|x64
		{FD58CFD0-398A-42D9-A1DF-351EA072A550}.Release|x64.ActiveCfg = Release|x64
		{FD58CFD0-398A-42D9-A1DF-351EA072A550}.Release|x64.Build.0 = Release|x64
		{FD58CFD0-398A-42D9-A1DF-351EA072A550}.Release|x86.ActiveCfg = Release|Win32
		{FD58CFD0-398A-42D9-A1DF-351EA072A550}.Release|x86.Build.0 = Release|Win32
		{EEE225E9-C134-4937-B0F7-4E4D6FC660A9}.Debug|Any CPU.ActiveCfg = Debug|x64
		{EEE225E9-C134-4937-B0F7-4E4D6FC660A9}.Debug|Any CPU.Build.0 = Debug|x64
		{EEE225E9-C134-4937-B0F7-4E4D6FC660A9}.Debug|x64.ActiveCfg = Debug|x64
		{EEE225E9-C134-4937-B0F7-4E4D6FC660A9}.Debug|x64.Build.0 = Debug|x64
		{EEE225E9-C134-4937-B0F7-4E4D6FC660A9}.Debug|x86.ActiveCfg = Debug|Win32
		{EEE225E9-C134-4937-B0F7-4E4D6FC660A9}.Debug|x86.Build.0 = Debug|Win32
		{EEE225E9-C134-4937-B0F7-4E4D6FC660A9}.Release|Any CPU.ActiveCfg = Release|x64
		{EEE225E9-C134-4937-B0F7-4E4D6FC660A9}.Release|Any CPU.Build.0 = Release|x64
		{EEE225E9-C134-4937-B0F7-4E4D6FC660A9}.Release|x64.ActiveCfg = Release|x64
		{EEE225E9-C134-4937-B0F7-4E4D6FC660A9}.Release|x64.Build.0 = Release|x64
		{EEE225E9-C134-4937-B0F7-4E4D6FC660A9}.Release|x86.ActiveCfg = Release|Win32
		{EEE225E9-C134-4937-B0F7-4E4D6FC660A9}.Release|x86.Build.0 = Release|Win32
		{4FE38D2B-283B-4627-9704-9132C7A6F898}.Debug|Any CPU.ActiveCfg = Debug|x64
		{4FE38D2B-283B-4627-9704-9132C7A6F898}.Debug|Any CPU.Build.0 = Debug|x64
		{4FE38D2B-283B-4627-9704-9132C7A6F898}.Debug|x64.ActiveCfg = Debug|x64
		{4FE38D2B-283B-4627-9704-9132C7A6F898}.Debug|x64.Build.0 = Debug|x64
		{4FE38D2B-283B-4627-9704-9132C7A6F898}.Debug|x86.ActiveCfg = Debug|Win32
		{4FE38D2B-283B-4627-9704-9132C7A6F898}.Debug|x86.Build.0 = Debug|Win32
		{4FE38D2B-283B-4627-9704-9132C7A6F898}.Release|Any CPU.ActiveCfg = Release|x64
		{4FE38D2B-283B-4627-9704-9132C7A6F898}.Release|Any CPU.Build.0 = Release|x64
		{4FE38D2B-283B-4627-9704-9132C7A6F898}.Release|x64.ActiveCfg = Release|x64
		{4FE38D2B-283B-4627-9704-9132C7A6F898}.Release|x64.Build.0 = Release|x64
		{4FE38D2B-283B-4627-9704-9132C7A6F898}.Release|x86.ActiveCfg = Release|Win32
		{4FE38D2B-283B-4627-9704-9132C7A6F898}.Release|x86.Build.0 = Release|Win32
		{09BC961B-CC79-4320-9ED3-A698811D45A6}.Debug|Any CPU.ActiveCfg = Debug|x64
		{09BC961B-CC79-4320-9ED3-A698811D45A6}.Debug|Any CPU.Build.0 = Debug|x64
		{09BC961B-CC79-4320-9ED3-A698811D45A6}.Debug|x64.ActiveCfg = Debug|x64
		{09BC961B-CC79-4320-9ED3-A698811D45A6}.Debug|x64.Build.0 = Debug|x64
		{09BC961B-CC79-4320-9ED3-A698811D45A6}.Debug|x86.ActiveCfg = Debug|Win32
		{09BC961B-CC79-4320-9ED3-A698811D45A6}.Debug|x86.Build.0 = Debug|Win32
		{09BC961B-CC79-4320-9ED3-A698811D45A6}.Release|Any CPU.ActiveCfg = Release|x64
		{09BC961B-CC79-4320-9ED3-A698811D45A6}.Release|Any CPU.Build.0 = Release|x64
		{09BC961B-CC79-4320-9ED3-A698811D45A6}.Release|x64.ActiveCfg = Release|x64
		{09BC961B-CC79-4320-9ED3-A698811D45A6}.Release|x64.Build.0 = Release|x64
		{09BC961B-CC79-4320-9ED3-A698811D45A6}.Release|x86.ActiveCfg = Release|Win32
		{09BC961B-CC79-4320-9ED3-A698811D45A6}.Release|x86.Build.0 = Release|Win32
		{020BA6B8-BB7F-4656-A9CA-97A3B631DF03}.Debug|Any CPU.ActiveCfg = Debug|x64
		{020BA6B8-BB7F-4656-A9CA-97A3B631DF03}.Debug|Any CPU.Build.0 = Debug|x64
		{020BA6B8-BB7F-4656-A9CA-97A3B631DF03}.Debug|x64.ActiveCfg = Debug|x64
		{020BA6B8-BB7F-4656-A9CA-97A3B631DF03}.Debug|x64.Build.0 = Debug|x64
		{020BA6B8-BB7F-4656-A9CA-97A3B631DF03}.Debug|x86.ActiveCfg = Debug|Win32
		{020BA6B8-BB7F-4656-A9CA-97A3B631DF03}.Debug|x86.Build.0 = Debug|Win32
		{020BA6B8-BB7F-4656-A9CA-97A3B631DF03}.Release|Any CPU.ActiveCfg = Release|x64
		{020BA6B8-BB7F-4656-A9CA-97A3B631DF03}.Release|Any CPU.Build.0 = Release|x64
		{020BA6B8-BB7F-4656-A9CA-97A3B631DF03}.Release|x64.ActiveCfg = Release|x64
		{020BA6B8-BB7F-4656-A9CA-97A3B631DF03}.Release|x64.Build.0 = Release|x64
		{020BA6B8-BB7F-4656-A9CA-97A3B631DF03}.Release|x86.ActiveCfg = Release|Win32
		{020BA6B8-BB7F-4656-A9CA-97A3B631DF03}.Release|x86.Build.0 = Release|Win32
		{F8A9BEEF-8588-4E25-A0AD-9E0E8CA3EC0F}.Debug|Any CPU.ActiveCfg = Debug|x64
		{F8A9BEEF-8588-4E25-A0AD-9E0E8CA3EC0F}.Debug|Any CPU.Build.0 = Debug|x64
		{F8A9BEEF-8588-4E25-A0AD-9E0E8CA3EC0F}.Debug|x64.ActiveCfg = Debug|x64
		{F8A9BEEF-8588-4E25-A0AD-9E0E8CA3EC0F}.Debug|x64.Build.0 = Debug|x64
		{F8A9BEEF-8588-4E25-A0AD-9E0E8CA3EC0F}.Debug|x86.ActiveCfg = Debug|Win32
		{F8A9BEEF-8588-4E25-A0AD-9E0E8CA3EC0F}.Debug|x86.Build.0 = Debug|Win32
		{F8A9BEEF-8588-4E25-A0AD-9E0E8CA3EC0F}.Release|Any CPU.ActiveCfg = Release|x64
		{F8A9BEEF-8588-4E25-A0AD-9E0E8CA3EC0F}.Release|Any CPU.Build.0 = Release|x64
		{F8A9BEEF-8588-4E25-A0AD-9E0E8CA3EC0F}.Release|x64.ActiveCfg = Release|x64
		{F8A9BEEF-8588-4E25-A0AD-9E0E8CA3EC0F}.Release|x64.Build.0 = Release|x64
		{F8A9BEEF-8588-4E25-A0AD-9E0E8CA3EC0F}.Release|x86.ActiveCfg = Release|Win32
		{F8A9BEEF-8588-4E25-A0AD-9E0E8CA3EC0F}.Release|x86.Build.0 = Release|Win32
		{A21E61FE-5C5C-4E65-88FC-B7F8F9225AA4}.Debug|Any CPU.ActiveCfg = Debug|x64
		{A21E61FE-5C5C-4E65-88FC-B7F8F9225AA4}.Debug|Any CPU.Build.0 = Debug|x64
		{A21E61FE-5C5C-4E65-88FC-B7F8F9225AA4}.Debug|x64.ActiveCfg = Debug|x64
		{A21E61FE-5C5C-4E65-88FC-B7F8F9225AA4}.Debug|x64.Build.0 = Debug|x64
		{A21E61FE-5C5C-4E65-88FC-B7F8F9225AA4}.Debug|x86.ActiveCfg = Debug|Win32
		{A21E61FE-5C5C-4E65-88FC-B7F8F9225AA4}.Debug|x86.Build.0 = Debug|Win32
		{A21E61FE-5C5C-4E65-88FC-B7F8F9225AA4}.Release|Any CPU.ActiveCfg = Release|x64
		{A21E61FE-5C5C-4E65-88FC-B7F8F9225AA4}.Release|Any CPU.Build.0 = Release|x64
		{A21E61FE-5C5C-4E65-88FC-B7F8F9225AA4}.Release|x64.ActiveCfg = Release|x64
		{A21E61FE-5C5C-4E65-88FC-B7F8F9225AA4}.Release|x64.Build.0 = Release|x64
		{A21E61FE-5C5C-4E65-88FC-B7F8F9225AA4}.Release|x86.ActiveCfg = Release|Win32
		{A21E61FE-5C5C-4E65-88FC-B7F8F9225AA4}.Release|x86.Build.0 = Release|Win32
		{C53138E3-9C5F-473E-8914-3952D0C9BFB1}.Debug|Any CPU.ActiveCfg = Debug|x64
		{C53138E3-9C5F-473E-8914-3952D0C9BFB1}.Debug|Any CPU.Build.0 = Debug|x64
		{C53138E3-9C5F-473E-8914-3952D0C9BFB1}.Debug|x64.ActiveCfg = Debug|x64
		{C53138E3-9C5F-473E-8914-3952D0C9BFB1}.Debug|x64.Build.0 = Debug|x64
		{C53138E3-9C5F-473E-8914-3952D0C9BFB1}.Debug|x86.ActiveCfg = Debug|Win32
		{C53138E3-9C5F-473E-8914-3952D0C9BFB1}.Debug|x86.Build.0 = Debug|Win32
		{C53138E3-9C5F-473E-8914-3952D0C9BFB1}.Release|Any CPU.ActiveCfg = Release|x64
		{C53138E3-9C5F-473E-8914-3952D0C9BFB1}.Release|Any CPU.Build.0 = Release|x64
		{C53138E3-9C5F-473E-8914-3952D0C9BFB1}.Release|x64.ActiveCfg = Release|x64
		{C53138E3-9C5F-473E-8914-3952D0C9BFB1}.Release|x64.Build.0 = Release|x64
		{C53138E3-9C5F-473E-8914-3952D0C9BFB1}.Release|x86.ActiveCfg = Release|Win32
		{C53138E3-9C5F-473E-8914-3952D0C9BFB1}.Release|x86.Build.0 = Release|Win32
		{11058BDB-A7A3-4511-9791-13FA233413FD}.Debug|Any CPU.ActiveCfg = Debug|x64
		{11058BDB-A7A3-4511-9791-13FA233413FD}.Debug|Any CPU.Build.0 = Debug|x64
		{11058BDB-A7A3-4511-9791-13FA233413FD}.Debug|x64.ActiveCfg = Debug|x64
		{11058BDB-A7A3-4511-9791-13FA233413FD}.Debug|x64.Build.0 = Debug|x64
		{11058BDB-A7A3-4511-9791-13FA233413FD}.Debug|x86.ActiveCfg = Debug|Win32
		{11058BDB-A7A3-4511-9791-13FA233413FD}.Debug|x86.Build.0 = Debug|Win32
		{11058BDB-A7A3-4511-9791-13FA233413FD}.Release|Any CPU.ActiveCfg = Release|x64
		{11058BDB-A7A3-4511-9791-13FA233413FD}.Release|Any CPU.Build.0 = Release|x64
		{11058BDB-A7A3-4511-9791-13FA233413FD}.Release|x64.ActiveCfg = Release|x64
		{11058BDB-A7A3-4511-9791-13FA233413FD}.Release|x64.Build.0 = Release|x64
		{11058BDB-A7A3-4511-9791-13FA233413FD}.Release|x86.ActiveCfg = Release|Win32
		{11058BDB-A7A3-4511-9791-13FA233413FD}.Release|x86.Build.0 = Release|Win32
		{6DB3E529-7F2C-4915-B12A-B182F07E17D4}.Debug|Any CPU.ActiveCfg = Debug|x64
		{6DB3E529-7F2C-4915-B12A-B182F07E17D4}.Debug|Any CPU.Build.0 = Debug|x64
		{6DB3E529-7F2C-4915-B12A-B182F07E17D4}.Debug|x64.ActiveCfg = Debug|x64
		{6DB3E529-7F2C-4915-B12A-B182F07E17D4}.Debug|x64.Build.0 = Debug|x64
		{6DB3E529-7F2C-4915-B12A-B182F07E17D4}.Debug|x86.ActiveCfg = Debug|Win32
		{6DB3E529-7F2C-4915-B12A-B182F07E17D4}.Debug|x86.Build.0 = Debug|Win32
		{6DB3E529-7F2C-4915-B12A-B182F07E17D4}.Release|Any CPU.ActiveCfg = Release|x64
		{6DB3E529-7F2C-4915-B12A-B182F07E17D4}.Release|Any CPU.Build.0 = Release|x64
		{6DB3E529-7F2C-4915-B12A-B182F07E17D4}.Release|x64.ActiveCfg = Release|x64
		{6DB3E529-7F2C-4915-B12A-B182F07E17D4}.Release|x64.Build.0 = Release|x64
		{6DB3E529-7F2C-4915-B12A-B182F07E17D4}.Release|x86.ActiveCfg = Release|Win32
		{6DB3E529-7F2C-4915-B12A-B182F07E17D4}.Release|x86.Build.0 = Release|Win32
		{90458D4D-857F-4AA9-AA8C-087BA7223E0F}.Debug|Any CPU.ActiveCfg = Debug|x64
		{90458D4D-857F-4AA9-AA8C-087BA7223E0F}.Debug|Any CPU.Build.0 = Debug|x64
		{90458D4D-857F-4AA9-AA8C-087BA7223E0F}.Debug|x64.ActiveCfg = Debug|x64
		{90458D4D-857F-4AA9-AA8C-087BA7223E0F}.Debug|x64.Build.0 = Debug|x64
		{90458D4D-857F-4AA9-AA8C-087BA7223E0F}.Debug|x86.ActiveCfg = Debug|Win32
		{90458D4D-857F-4AA9-AA8C-087BA7223E0F}.Debug|x86.Build.0 = Debug|Win32
		{90458D4D-857F-4AA9-AA8C-087BA7223E0F}.Release|Any CPU.ActiveCfg = Release|x64
		{90458D4D-857F-4AA9-AA8C-087BA7223E0F}.Release|Any CPU.Build.0 = Release|x64
		{90458D4D-857F-4AA9-AA8C-087BA7223E0F}.Release|x64.ActiveCfg = Release|x64
		{90458D4D-857F-4AA9-AA8C-087BA7223E0F}.Release|x64.Build.0 = Release|x64
		{90458D4D-857F-4AA9-AA8C-087BA7223E0F}.Release|x86.ActiveCfg = Release|Win32
		{90458D4D-857F-4AA9-AA8C-087BA7223E0F}.Release|x86.Build.0 = Release|Win32
		{76839042-484C-49F1-AC5F-EB0FF637570B}.Debug|Any CPU.ActiveCfg = Debug|x64
		{76839042-484C-49F1-AC5F-EB0FF637570B}.Debug|Any CPU.Build.0 = Debug|x64
		{76839042-484C-49F1-AC5F-EB0FF637570B}.Debug|x64.ActiveCfg = Debug|x64
		{76839042-484C-49F1-AC5F-EB0FF637570B}.Debug|x64.Build.0 = Debug|x64
		{76839042-484C-49F1-AC5F-EB0FF637570B}.Debug|x86.ActiveCfg = Debug|Win32
		{76839042-484C-49F1-AC5F-EB0FF637570B}.Debug|x86.Build.0 = Debug|Win32
		{76839042-484C-49F1-AC5F-EB0FF637570B}.Release|Any CPU.ActiveCfg = Release|x64
		{76839042-484C-49F1-AC5F-EB0FF637570B}.Release|Any CPU.Build.0 = Release|x64
		{76839042-484C-49F1-AC5F-EB0FF637570B}.Release|x64.ActiveCfg = Release|x64
		{76839042-484C-49F1-AC5F-EB0FF637570B}.Release|x64.Build.0 = Release|x64
		{76839042-484C-49F1-AC5F-EB0FF637570B}.Release|x86.ActiveCfg = Release|Win32
		{76839042-484C-49F1-AC5F-EB0FF637570B}.Release|x86.Build.0 = Release|Win32
		{FB0C946A-F5CE-4ED8-A135-57CA0BCEA952}.Debug|Any CPU.ActiveCfg = Debug|x64
		{FB0C946A-F5CE-4ED8-A135-57CA0BCEA952}.Debug|Any CPU.Build.0 = Debug|x64
		{FB0C946A-F5CE-4ED8-A135-57CA0BCEA952}.Debug|x64.ActiveCfg = Debug|x64
		{FB0C946A-F5CE-4ED8-A135-57CA0BCEA952}.Debug|x64.Build.0 = Debug|x64
		{FB0C946A-F5CE-4ED8-A135-57CA0BCEA952}.Debug|x86.ActiveCfg = Debug|Win32
		{FB0C946A-F5CE-4ED8-A135-57CA0BCEA952}.Debug|x86.Build.0 = Debug|Win32
		{FB0C946A-F5CE-4ED8-A135-57CA0BCEA952}.Release|Any CPU.ActiveCfg = Release|x64
		{FB0C946A-F5CE-4ED8-A135-57CA0BCEA952}.Release|Any CPU.Build.0 = Release|x64
		{FB0C946A-F5CE-4ED8-A135-57CA0BCEA952}.Release|x64.ActiveCfg = Release|x64
		{FB0C946A-F5CE-4ED8-A135-57CA0BCEA952}.Release|x64.Build.0 = Release|x64
		{FB0C946A-F5CE-4ED8-A135-57CA0BCEA952}.Release|x86.ActiveCfg = Release|Win32
		{FB0C946A-F5CE-4ED8-A135-57CA0BCEA952}.Release|x86.Build.0 = Release|Win32
		{FCA31117-83FB-4172-A7B4-264574EE76EF}.Debug|Any CPU.ActiveCfg = Debug|x64
		{FCA31117-83FB-4172-A7B4-264574EE76EF}.Debug|Any CPU.Build.0 = Debug|x64
		{FCA31117-83FB-4172-A7B4-264574EE76EF}.Debug|x64.ActiveCfg = Debug|x64
		{FCA31117-83FB-4172-A7B4-264574EE76EF}.Debug|x64.Build.0 = Debug|x64
		{FCA31117-83FB-4172-A7B4-264574EE76EF}.Debug|x86.ActiveCfg = Debug|Win32
		{FCA31117-83FB-4172-A7B4-264574EE76EF}.Debug|x86.Build.0 = Debug|Win32
		{FCA31117-83FB-4172-A7B4-264574EE76EF}.Release|Any CPU.ActiveCfg = Release|x64
		{FCA31117-83FB-4172-A7B4-264574EE76EF}.Release|Any CPU.Build.0 = Release|x64
		{FCA31117-83FB-4172-A7B4-264574EE76EF}.Release|x64.ActiveCfg = Release|x64
		{FCA31117-83FB-4172-A7B4-264574EE76EF}.Release|x64.Build.0 = Release|x64
		{FCA31117-83FB-4172-A7B4-264574EE76EF}.Release|x86.ActiveCfg = Release|Win32
		{FCA31117-83FB-4172-A7B4-264574EE76EF}.Release|x86.Build.0 = Release|Win32
		{2BA00061-A844-4F9A-A083-8E5ECCE01AB4}.Debug|Any CPU.ActiveCfg = Debug|x64
		{2BA00061-A844-4F9A-A083-8E5ECCE01AB4}.Debug|Any CPU.Build.0 = Debug|x64
		{2BA00061-A844-4F9A-A083-8E5ECCE01AB4}.Debug|x64.ActiveCfg = Debug|x64
		{2BA00061-A844-4F9A-A083-8E5ECCE01AB4}.Debug|x64.Build.0 = Debug|x64
		{2BA00061-A844-4F9A-A083-8E5ECCE01AB4}.Debug|x86.ActiveCfg = Debug|Win32
		{2BA00061-A844-4F9A-A083-8E5ECCE01AB4}.Debug|x86.Build.0 = Debug|Win32
		{2BA00061-A844-4F9A-A083-8E5ECCE01AB4}.Release|Any CPU.ActiveCfg = Release|x64
		{2BA00061-A844-4F9A-A083-8E5ECCE01AB4}.Release|Any CPU.Build.0 = Release|x64
		{2BA00061-A844-4F9A-A083-8E5ECCE01AB4}.Release|x64.ActiveCfg = Release|x64
		{2BA00061-A844-4F9A-A083-8E5ECCE01AB4}.Release|x64.Build.0 = Release|x64
		{2BA00061-A844-4F9A-A083-8E5ECCE01AB4}.Release|x86.ActiveCfg = Release|Win32
		{2BA00061-A844-4F9A-A083-8E5ECCE01AB4}.Release|x86.Build.0 = Release|Win32
		{1769787F-0725-4B81-BDB1-0A5E07446E68}.Debug|Any CPU.ActiveCfg = Debug|x64
		{1769787F-0725-4B81-BDB1-0A5E07446E68}.Debug|Any CPU.Build.0 = Debug|x64
		{1769787F-0725-4B81-BDB1-0A5E07446E68}.Debug|x64.ActiveCfg = Debug|x64
		{1769787F-0725-4B81-BDB1-0A5E07446E68}.Debug|x64.Build.0 = Debug|x64
		{1769787F-0725-4B81-BDB1-0A5E07446E68}.Debug|x86.ActiveCfg = Debug|Win32
		{1769787F-0725-4B81-BDB1-0A5E07446E68}.Debug|x86.Build.0 = Debug|Win32
		{1769787F-0725-4B81-BDB1-0A5E07446E68}.Release|Any CPU.ActiveCfg = Release|x64
		{1769787F-0725-4B81-BDB1-0A5E07446E68}.Release|Any CPU.Build.0 = Release|x64
		{1769787F-0725-4B81-BDB1-0A5E07446E68}.Release|x64.ActiveCfg = Release|x64
		{1769787F-0725-4B81-BDB1-0A5E07446E68}.Release|x64.Build.0 = Release|x64
		{1769787F-0725-4B81-BDB1-0A5E07446E68}.Release|x86.ActiveCfg = Release|Win32
		{1769787F-0725-4B81-BDB1-0A5E07446E68}.Release|x86.Build.0 = Release|Win32
	EndGlobalSection
	GlobalSection(SolutionProperties) = preSolution
		HideSolutionNode = FALSE
	EndGlobalSection
	GlobalSection(ExtensibilityGlobals) = postSolution
		SolutionGuid = {CF90B08A-CF7B-4EB6-81FE-F8025906F34E}
	EndGlobalSection
EndGlobal
